<?xml version="1.0" encoding="utf-8"?>
<Project ToolsVersion="4.0" xmlns="http://schemas.microsoft.com/developer/msbuild/2003">
  <ItemGroup>
    <ClCompile Include="..\Source\Component.cpp" />
    <ClCompile Include="..\Source\Core.cpp" />
    <ClCompile Include="..\Source\CoreSystem.cpp" />
    <ClCompile Include="..\Source\Frustum.cpp" />
    <ClCompile Include="..\Source\GameObject.cpp" />
    <ClCompile Include="..\Source\Graphic.cpp" />
    <ClCompile Include="..\Source\GraphicSystem.cpp" />
    <ClCompile Include="..\Source\imgui\imgui.cpp" />
    <ClCompile Include="..\Source\imgui\imgui_demo.cpp" />
    <ClCompile Include="..\Source\imgui\imgui_draw.cpp" />
    <ClCompile Include="..\Source\imgui\imgui_impl_dx9.cpp" />
    <ClCompile Include="..\Source\imgui\imgui_impl_win32.cpp" />
    <ClCompile Include="..\Source\imgui\imgui_tables.cpp" />
    <ClCompile Include="..\Source\imgui\imgui_widgets.cpp" />
    <ClCompile Include="..\Source\Input.cpp" />
    <ClCompile Include="..\Source\InputSystem.cpp" />
    <ClCompile Include="..\Source\Mesh.cpp" />
    <ClCompile Include="..\Source\Object.cpp" />
    <ClCompile Include="..\Source\Renderer.cpp" />
    <ClCompile Include="..\Source\Resource.cpp" />
    <ClCompile Include="..\Source\Resources.cpp" />
    <ClCompile Include="..\Source\ResourceSystem.cpp" />
    <ClCompile Include="..\Source\Scene.cpp" />
    <ClCompile Include="..\Source\SceneManager.cpp" />
    <ClCompile Include="..\Source\SceneSystem.cpp" />
    <ClCompile Include="..\Source\Shader.cpp" />
    <ClCompile Include="..\Source\StaticMesh.cpp" />
    <ClCompile Include="..\Source\Subset.cpp" />
    <ClCompile Include="..\Source\Texture.cpp" />
    <ClCompile Include="..\Source\Timer.cpp" />
    <ClCompile Include="..\Source\TimeSystem.cpp" />
    <ClCompile Include="..\Source\Transform.cpp" />
    <ClCompile Include="..\Source\RenderTargetSystem.cpp" />
    <ClCompile Include="..\Source\RenderTarget.cpp" />
    <ClCompile Include="..\Source\RenderInterface.cpp" />
    <ClCompile Include="..\Source\RenderInformation.cpp" />
    <ClCompile Include="..\Source\SkeletonMesh.cpp" />
    <ClCompile Include="..\Source\Node.cpp" />
    <ClCompile Include="..\Source\AnimationTrack.cpp" />
    <ClCompile Include="..\Source\AnimationBlendInfo.cpp" />
    <ClCompile Include="..\Source\AnimationInformation.cpp" />
    <ClCompile Include="..\Source\AnimNotify.cpp" />
    <ClCompile Include="..\Source\ShaderTester.cpp" />
  </ItemGroup>
  <ItemGroup>
    <ClInclude Include="..\..\Reference\Header\imgui\imconfig.h" />
    <ClInclude Include="..\..\Reference\Header\imgui\imgui.h" />
    <ClInclude Include="..\..\Reference\Header\imgui\imgui_impl_dx9.h" />
    <ClInclude Include="..\..\Reference\Header\imgui\imgui_impl_win32.h" />
    <ClInclude Include="..\..\Reference\Header\imgui\imgui_internal.h" />
    <ClInclude Include="..\..\Reference\Header\imgui\imstb_rectpack.h" />
    <ClInclude Include="..\..\Reference\Header\imgui\imstb_textedit.h" />
    <ClInclude Include="..\..\Reference\Header\imgui\imstb_truetype.h" />
    <ClInclude Include="..\Header\AssimpHelper.hpp" />
    <ClInclude Include="..\Header\Component.h" />
    <ClInclude Include="..\Header\Core.h" />
    <ClInclude Include="..\Header\CoreSystem.h" />
    <ClInclude Include="..\Header\Engine.h" />
    <ClInclude Include="..\Header\EngineDefine.h" />
    <ClInclude Include="..\Header\EngineEnum.h" />
    <ClInclude Include="..\Header\EngineExtern.h" />
    <ClInclude Include="..\Header\EngineFunction.h" />
    <ClInclude Include="..\Header\EngineStdafx.h" />
    <ClInclude Include="..\Header\EngineStruct.h" />
    <ClInclude Include="..\Header\EngineTypedef.h" />
    <ClInclude Include="..\Header\FMath.hpp" />
    <ClInclude Include="..\Header\Frustum.h" />
    <ClInclude Include="..\Header\GameObject.h" />
    <ClInclude Include="..\Header\GameObject.hpp" />
    <ClInclude Include="..\Header\Graphic.h" />
    <ClInclude Include="..\Header\GraphicSystem.h" />
    <ClInclude Include="..\Header\Input.h" />
    <ClInclude Include="..\Header\InputSystem.h" />
    <ClInclude Include="..\Header\MathStruct.hpp" />
    <ClInclude Include="..\Header\Mesh.h" />
    <ClInclude Include="..\Header\Object.h" />
    <ClInclude Include="..\Header\Renderer.h" />
    <ClInclude Include="..\Header\RenderProperty.h" />
    <ClInclude Include="..\Header\Resource.h" />
    <ClInclude Include="..\Header\Resources.h" />
    <ClInclude Include="..\Header\Resources.hpp" />
    <ClInclude Include="..\Header\ResourceSystem.h" />
    <ClInclude Include="..\Header\ResourceSystem.hpp" />
    <ClInclude Include="..\Header\Scene.h" />
    <ClInclude Include="..\Header\Scene.hpp" />
    <ClInclude Include="..\Header\SceneManager.h" />
    <ClInclude Include="..\Header\SceneSystem.h" />
    <ClInclude Include="..\Header\Shader.h" />
    <ClInclude Include="..\Header\StaticMesh.h" />
    <ClInclude Include="..\Header\Subset.h" />
    <ClInclude Include="..\Header\Texture.h" />
    <ClInclude Include="..\Header\Timer.h" />
    <ClInclude Include="..\Header\TimeSystem.h" />
    <ClInclude Include="..\Header\Transform.h" />
    <ClInclude Include="..\Header\RenderTargetSystem.h" />
    <ClInclude Include="..\Header\RenderTarget.h" />
    <ClInclude Include="..\Header\RenderInterface.h" />
    <ClInclude Include="..\Header\RenderInformation.h" />
    <ClInclude Include="..\..\Resource\Shader\ForwardAlphaBlend.hlsl" />
    <ClInclude Include="..\Header\TextureType.h" />
    <ClInclude Include="..\Header\SkeletonMesh.h" />
    <ClInclude Include="..\Header\Node.h" />
    <ClInclude Include="..\Header\AnimationTrack.h" />
    <ClInclude Include="..\Header\AnimationBlendInfo.h" />
    <ClInclude Include="..\Header\AnimationInformation.h" />
    <ClInclude Include="..\Header\AnimNotify.h" />
    <ClInclude Include="..\Header\IconsFontAwesome5.h" />
    <ClInclude Include="..\Header\ShaderTester.h" />
  </ItemGroup>
</Project>