<?xml version="1.0" encoding="utf-8"?>
<Project ToolsVersion="4.0" xmlns="http://schemas.microsoft.com/developer/msbuild/2003">
  <ItemGroup>
    <Filter Include="99.Default">
      <UniqueIdentifier>{c53dfd41-c3c6-496d-a413-f7a579b75683}</UniqueIdentifier>
    </Filter>
    <Filter Include="99.Default\00.Resource">
      <UniqueIdentifier>{bebf0d98-e4da-42ab-845a-b5c8f40aaa52}</UniqueIdentifier>
    </Filter>
    <Filter Include="99.Default\01.Source">
      <UniqueIdentifier>{584d9d6c-dc92-40fb-b437-99be66f74e1f}</UniqueIdentifier>
    </Filter>
    <Filter Include="00.WinMain">
      <UniqueIdentifier>{7080caee-35cd-432d-a6e0-82637e8a40a5}</UniqueIdentifier>
    </Filter>
    <Filter Include="01.Application">
      <UniqueIdentifier>{d8a72ce6-d198-451b-b4b8-c84e13142e42}</UniqueIdentifier>
    </Filter>
    <Filter Include="03.Scene">
      <UniqueIdentifier>{88dce967-1ec2-4dbf-9a3b-49a11a074ded}</UniqueIdentifier>
    </Filter>
    <Filter Include="02.GameObject">
      <UniqueIdentifier>{cfc05c54-1939-4717-855b-7d2228958651}</UniqueIdentifier>
    </Filter>
    <Filter Include="03.Scene\99.TestScene">
      <UniqueIdentifier>{d07990b6-de7f-4e8a-8a87-c4a89767acfc}</UniqueIdentifier>
    </Filter>
    <Filter Include="99.Default\02.Header">
      <UniqueIdentifier>{c0f00759-e8c5-4e2a-86ff-caad12de51fa}</UniqueIdentifier>
    </Filter>
  </ItemGroup>
  <ItemGroup>
    <ClInclude Include="framework.h">
      <Filter>99.Default\02.Header</Filter>
    </ClInclude>
    <ClInclude Include="Resource.h">
      <Filter>99.Default\02.Header</Filter>
    </ClInclude>
    <ClInclude Include="targetver.h">
      <Filter>99.Default\02.Header</Filter>
    </ClInclude>
    <ClInclude Include="Client.h">
      <Filter>00.WinMain</Filter>
    </ClInclude>
    <ClInclude Include="..\Header\Application.h">
      <Filter>01.Application</Filter>
    </ClInclude>
    <ClInclude Include="stdafx.h">
      <Filter>99.Default\02.Header</Filter>
    </ClInclude>
    <ClInclude Include="..\Header\TestScene.h">
      <Filter>03.Scene\99.TestScene</Filter>
    </ClInclude>
    <ClInclude Include="..\Header\TestObject.h">
      <Filter>02.GameObject</Filter>
    </ClInclude>
    <ClInclude Include="..\Header\ShaderTester.h" />
  </ItemGroup>
  <ItemGroup>
    <Image Include="small.ico">
      <Filter>99.Default\00.Resource</Filter>
    </Image>
    <Image Include="Client.ico">
      <Filter>99.Default\00.Resource</Filter>
    </Image>
  </ItemGroup>
  <ItemGroup>
    <ResourceCompile Include="Client.rc">
      <Filter>99.Default\00.Resource</Filter>
    </ResourceCompile>
  </ItemGroup>
  <ItemGroup>
    <ClCompile Include="Client.cpp">
      <Filter>00.WinMain</Filter>
    </ClCompile>
    <ClCompile Include="..\Source\Application.cpp">
      <Filter>01.Application</Filter>
    </ClCompile>
    <ClCompile Include="stdafx.cpp">
      <Filter>99.Default\01.Source</Filter>
    </ClCompile>
    <ClCompile Include="..\Source\TestScene.cpp">
      <Filter>03.Scene\99.TestScene</Filter>
    </ClCompile>
    <ClCompile Include="..\Source\TestObject.cpp">
      <Filter>02.GameObject</Filter>
    </ClCompile>
    <ClCompile Include="..\Source\ShaderTester.cpp" />
  </ItemGroup>
</Project>